// !$*UTF8*$!
{
	archiveVersion = 1;
	classes = {
	};
	objectVersion = 46;
	objects = {

/* Begin PBXBuildFile section */
		1DDD58160DA1D0A300B32029 /* MainMenu.xib in Resources */ = {isa = PBXBuildFile; fileRef = 1DDD58140DA1D0A300B32029 /* MainMenu.xib */; };
		256AC3DA0F4B6AC300CF3369 /* EnglishDialogsToolsAppDelegate.m in Sources */ = {isa = PBXBuildFile; fileRef = 256AC3D90F4B6AC300CF3369 /* EnglishDialogsToolsAppDelegate.m */; };
		820A201514EE7CA300FC5ED6 /* ActorCell.m in Sources */ = {isa = PBXBuildFile; fileRef = 820A201414EE7CA300FC5ED6 /* ActorCell.m */; };
		820A201C14F2543300FC5ED6 /* ActorTableView.m in Sources */ = {isa = PBXBuildFile; fileRef = 820A201B14F2543300FC5ED6 /* ActorTableView.m */; };
		820A201F14F279B900FC5ED6 /* Dialog.m in Sources */ = {isa = PBXBuildFile; fileRef = 820A201E14F279B900FC5ED6 /* Dialog.m */; };
		8212BF1614D1395200AA84D5 /* EnglishDialogs.xcdatamodeld in Sources */ = {isa = PBXBuildFile; fileRef = 8212BF1414D1395200AA84D5 /* EnglishDialogs.xcdatamodeld */; };
		8212BF2114D139A200AA84D5 /* Actor.m in Sources */ = {isa = PBXBuildFile; fileRef = 8212BF1C14D139A200AA84D5 /* Actor.m */; };
		8212BF3A14D13F9800AA84D5 /* CoreData.framework in Frameworks */ = {isa = PBXBuildFile; fileRef = 8212BF3914D13F9800AA84D5 /* CoreData.framework */; };
		8222743E14E3F71B00E0E5FA /* ColorToNumber.m in Sources */ = {isa = PBXBuildFile; fileRef = 8222743D14E3F71B00E0E5FA /* ColorToNumber.m */; };
		8290F6AE14F502B9000B4549 /* Phrase.m in Sources */ = {isa = PBXBuildFile; fileRef = 8290F6AD14F502B9000B4549 /* Phrase.m */; };
		8D11072B0486CEB800E47090 /* InfoPlist.strings in Resources */ = {isa = PBXBuildFile; fileRef = 089C165CFE840E0CC02AAC07 /* InfoPlist.strings */; };
		8D11072D0486CEB800E47090 /* main.m in Sources */ = {isa = PBXBuildFile; fileRef = 29B97316FDCFA39411CA2CEA /* main.m */; settings = {ATTRIBUTES = (); }; };
		8D11072F0486CEB800E47090 /* Cocoa.framework in Frameworks */ = {isa = PBXBuildFile; fileRef = 1058C7A1FEA54F0111CA2CBB /* Cocoa.framework */; };
		C01FCF5008A954540054247D /* test.txt in Resources */ = {isa = PBXBuildFile; fileRef = C01FCF5008A954540054247C /* test.txt */; };
		C01FCF5008A954540054247F /* NewDialogViewController.m in Sources */ = {isa = PBXBuildFile; fileRef = C01FCF5008A954540054247E /* NewDialogViewController.m */; };
/* End PBXBuildFile section */

/* Begin PBXFileReference section */
		089C165DFE840E0CC02AAC07 /* English */ = {isa = PBXFileReference; fileEncoding = 4; lastKnownFileType = text.plist.strings; name = English; path = English.lproj/InfoPlist.strings; sourceTree = "<group>"; };
		1058C7A1FEA54F0111CA2CBB /* Cocoa.framework */ = {isa = PBXFileReference; lastKnownFileType = wrapper.framework; name = Cocoa.framework; path = /System/Library/Frameworks/Cocoa.framework; sourceTree = "<absolute>"; };
		13E42FB307B3F0F600E4EEF1 /* CoreData.framework */ = {isa = PBXFileReference; lastKnownFileType = wrapper.framework; name = CoreData.framework; path = /System/Library/Frameworks/CoreData.framework; sourceTree = "<absolute>"; };
		1DDD58150DA1D0A300B32029 /* English */ = {isa = PBXFileReference; lastKnownFileType = file.xib; name = English; path = English.lproj/MainMenu.xib; sourceTree = "<group>"; };
		256AC3D80F4B6AC300CF3369 /* EnglishDialogsToolsAppDelegate.h */ = {isa = PBXFileReference; fileEncoding = 4; lastKnownFileType = sourcecode.c.h; path = EnglishDialogsToolsAppDelegate.h; sourceTree = "<group>"; };
		256AC3D90F4B6AC300CF3369 /* EnglishDialogsToolsAppDelegate.m */ = {isa = PBXFileReference; fileEncoding = 4; lastKnownFileType = sourcecode.c.objc; path = EnglishDialogsToolsAppDelegate.m; sourceTree = "<group>"; };
		256AC3F00F4B6AF500CF3369 /* EnglishDialogsTools_Prefix.pch */ = {isa = PBXFileReference; fileEncoding = 4; lastKnownFileType = sourcecode.c.h; path = EnglishDialogsTools_Prefix.pch; sourceTree = "<group>"; };
		29B97316FDCFA39411CA2CEA /* main.m */ = {isa = PBXFileReference; fileEncoding = 4; lastKnownFileType = sourcecode.c.objc; path = main.m; sourceTree = "<group>"; };
		29B97324FDCFA39411CA2CEA /* AppKit.framework */ = {isa = PBXFileReference; lastKnownFileType = wrapper.framework; name = AppKit.framework; path = /System/Library/Frameworks/AppKit.framework; sourceTree = "<absolute>"; };
		29B97325FDCFA39411CA2CEA /* Foundation.framework */ = {isa = PBXFileReference; lastKnownFileType = wrapper.framework; name = Foundation.framework; path = /System/Library/Frameworks/Foundation.framework; sourceTree = "<absolute>"; };
		820A201314EE7CA300FC5ED6 /* ActorCell.h */ = {isa = PBXFileReference; fileEncoding = 4; lastKnownFileType = sourcecode.c.h; path = ActorCell.h; sourceTree = "<group>"; };
		820A201414EE7CA300FC5ED6 /* ActorCell.m */ = {isa = PBXFileReference; fileEncoding = 4; lastKnownFileType = sourcecode.c.objc; path = ActorCell.m; sourceTree = "<group>"; };
		820A201A14F2543300FC5ED6 /* ActorTableView.h */ = {isa = PBXFileReference; fileEncoding = 4; lastKnownFileType = sourcecode.c.h; path = ActorTableView.h; sourceTree = "<group>"; };
		820A201B14F2543300FC5ED6 /* ActorTableView.m */ = {isa = PBXFileReference; fileEncoding = 4; lastKnownFileType = sourcecode.c.objc; path = ActorTableView.m; sourceTree = "<group>"; };
		820A201D14F279B900FC5ED6 /* Dialog.h */ = {isa = PBXFileReference; fileEncoding = 4; lastKnownFileType = sourcecode.c.h; path = Dialog.h; sourceTree = "<group>"; };
		820A201E14F279B900FC5ED6 /* Dialog.m */ = {isa = PBXFileReference; fileEncoding = 4; lastKnownFileType = sourcecode.c.objc; path = Dialog.m; sourceTree = "<group>"; };
		8212BF1514D1395200AA84D5 /* EnglishDialogs.xcdatamodel */ = {isa = PBXFileReference; fileEncoding = 4; lastKnownFileType = wrapper.xcdatamodel; path = EnglishDialogs.xcdatamodel; sourceTree = "<group>"; };
		8212BF1B14D139A200AA84D5 /* Actor.h */ = {isa = PBXFileReference; fileEncoding = 4; lastKnownFileType = sourcecode.c.h; name = Actor.h; path = ../EnglishDialogs/Actor.h; sourceTree = SOURCE_ROOT; };
		8212BF1C14D139A200AA84D5 /* Actor.m */ = {isa = PBXFileReference; fileEncoding = 4; lastKnownFileType = sourcecode.c.objc; name = Actor.m; path = ../EnglishDialogs/Actor.m; sourceTree = SOURCE_ROOT; };
		8212BF3914D13F9800AA84D5 /* CoreData.framework */ = {isa = PBXFileReference; lastKnownFileType = wrapper.framework; name = CoreData.framework; path = System/Library/Frameworks/CoreData.framework; sourceTree = SDKROOT; };
		8222743C14E3F71B00E0E5FA /* ColorToNumber.h */ = {isa = PBXFileReference; fileEncoding = 4; lastKnownFileType = sourcecode.c.h; path = ColorToNumber.h; sourceTree = "<group>"; };
		8222743D14E3F71B00E0E5FA /* ColorToNumber.m */ = {isa = PBXFileReference; fileEncoding = 4; lastKnownFileType = sourcecode.c.objc; path = ColorToNumber.m; sourceTree = "<group>"; };
		82457AAC14F28A9F00615CFA /* EnglishDialogs 2.xcdatamodel */ = {isa = PBXFileReference; lastKnownFileType = wrapper.xcdatamodel; path = "EnglishDialogs 2.xcdatamodel"; sourceTree = "<group>"; };
		8290F6A814F4FB49000B4549 /* EnglishDialogs 3.xcdatamodel */ = {isa = PBXFileReference; lastKnownFileType = wrapper.xcdatamodel; path = "EnglishDialogs 3.xcdatamodel"; sourceTree = "<group>"; };
		8290F6AC14F502B9000B4549 /* Phrase.h */ = {isa = PBXFileReference; fileEncoding = 4; lastKnownFileType = sourcecode.c.h; path = Phrase.h; sourceTree = "<group>"; };
		8290F6AD14F502B9000B4549 /* Phrase.m */ = {isa = PBXFileReference; fileEncoding = 4; lastKnownFileType = sourcecode.c.objc; path = Phrase.m; sourceTree = "<group>"; };
		8D1107310486CEB800E47090 /* EnglishDialogsTools-Info.plist */ = {isa = PBXFileReference; fileEncoding = 4; lastKnownFileType = text.plist.xml; path = "EnglishDialogsTools-Info.plist"; sourceTree = "<group>"; };
		8D1107320486CEB800E47090 /* EnglishDialogsTools.app */ = {isa = PBXFileReference; explicitFileType = wrapper.application; includeInIndex = 0; path = EnglishDialogsTools.app; sourceTree = BUILT_PRODUCTS_DIR; };
		C01FCF5008A954540054247C /* test.txt */ = {isa = PBXFileReference; fileEncoding = 4; lastKnownFileType = text; path = test.txt; sourceTree = "<group>"; };
		C01FCF5008A954540054247E /* NewDialogViewController.m */ = {isa = PBXFileReference; fileEncoding = 4; lastKnownFileType = sourcecode.c.objc; path = NewDialogViewController.m; sourceTree = "<group>"; };
		C01FCF5008A9545400542480 /* NewDialogViewController.h */ = {isa = PBXFileReference; fileEncoding = 4; lastKnownFileType = sourcecode.c.h; path = NewDialogViewController.h; sourceTree = "<group>"; };
/* End PBXFileReference section */

/* Begin PBXFrameworksBuildPhase section */
		8D11072E0486CEB800E47090 /* Frameworks */ = {
			isa = PBXFrameworksBuildPhase;
			buildActionMask = 2147483647;
			files = (
				8D11072F0486CEB800E47090 /* Cocoa.framework in Frameworks */,
				8212BF3A14D13F9800AA84D5 /* CoreData.framework in Frameworks */,
			);
			runOnlyForDeploymentPostprocessing = 0;
		};
/* End PBXFrameworksBuildPhase section */

/* Begin PBXGroup section */
		080E96DDFE201D6D7F000001 /* Classes */ = {
			isa = PBXGroup;
			children = (
				8290F6AC14F502B9000B4549 /* Phrase.h */,
				8290F6AD14F502B9000B4549 /* Phrase.m */,
				820A201D14F279B900FC5ED6 /* Dialog.h */,
				820A201E14F279B900FC5ED6 /* Dialog.m */,
				C01FCF5008A9545400542480 /* NewDialogViewController.h */,
				C01FCF5008A954540054247E /* NewDialogViewController.m */,
				8212BF1B14D139A200AA84D5 /* Actor.h */,
				8212BF1C14D139A200AA84D5 /* Actor.m */,
				256AC3D80F4B6AC300CF3369 /* EnglishDialogsToolsAppDelegate.h */,
				256AC3D90F4B6AC300CF3369 /* EnglishDialogsToolsAppDelegate.m */,
				8222743C14E3F71B00E0E5FA /* ColorToNumber.h */,
				8222743D14E3F71B00E0E5FA /* ColorToNumber.m */,
				820A201314EE7CA300FC5ED6 /* ActorCell.h */,
				820A201414EE7CA300FC5ED6 /* ActorCell.m */,
				820A201A14F2543300FC5ED6 /* ActorTableView.h */,
				820A201B14F2543300FC5ED6 /* ActorTableView.m */,
			);
			name = Classes;
			sourceTree = "<group>";
		};
		1058C7A0FEA54F0111CA2CBB /* Linked Frameworks */ = {
			isa = PBXGroup;
			children = (
				1058C7A1FEA54F0111CA2CBB /* Cocoa.framework */,
			);
			name = "Linked Frameworks";
			sourceTree = "<group>";
		};
		1058C7A2FEA54F0111CA2CBB /* Other Frameworks */ = {
			isa = PBXGroup;
			children = (
				29B97324FDCFA39411CA2CEA /* AppKit.framework */,
				13E42FB307B3F0F600E4EEF1 /* CoreData.framework */,
				29B97325FDCFA39411CA2CEA /* Foundation.framework */,
			);
			name = "Other Frameworks";
			sourceTree = "<group>";
		};
		19C28FACFE9D520D11CA2CBB /* Products */ = {
			isa = PBXGroup;
			children = (
				8D1107320486CEB800E47090 /* EnglishDialogsTools.app */,
			);
			name = Products;
			sourceTree = "<group>";
		};
		29B97314FDCFA39411CA2CEA /* EnglishDialogsTools */ = {
			isa = PBXGroup;
			children = (
				080E96DDFE201D6D7F000001 /* Classes */,
				29B97315FDCFA39411CA2CEA /* Other Sources */,
				29B97317FDCFA39411CA2CEA /* Resources */,
				29B97323FDCFA39411CA2CEA /* Frameworks */,
				19C28FACFE9D520D11CA2CBB /* Products */,
				8212BF3914D13F9800AA84D5 /* CoreData.framework */,
			);
			name = EnglishDialogsTools;
			sourceTree = "<group>";
		};
		29B97315FDCFA39411CA2CEA /* Other Sources */ = {
			isa = PBXGroup;
			children = (
				256AC3F00F4B6AF500CF3369 /* EnglishDialogsTools_Prefix.pch */,
				29B97316FDCFA39411CA2CEA /* main.m */,
			);
			name = "Other Sources";
			sourceTree = "<group>";
		};
		29B97317FDCFA39411CA2CEA /* Resources */ = {
			isa = PBXGroup;
			children = (
				C01FCF5008A954540054247C /* test.txt */,
				8212BF1414D1395200AA84D5 /* EnglishDialogs.xcdatamodeld */,
				8D1107310486CEB800E47090 /* EnglishDialogsTools-Info.plist */,
				089C165CFE840E0CC02AAC07 /* InfoPlist.strings */,
				1DDD58140DA1D0A300B32029 /* MainMenu.xib */,
			);
			name = Resources;
			sourceTree = "<group>";
		};
		29B97323FDCFA39411CA2CEA /* Frameworks */ = {
			isa = PBXGroup;
			children = (
				1058C7A0FEA54F0111CA2CBB /* Linked Frameworks */,
				1058C7A2FEA54F0111CA2CBB /* Other Frameworks */,
			);
			name = Frameworks;
			sourceTree = "<group>";
		};
/* End PBXGroup section */

/* Begin PBXNativeTarget section */
		8D1107260486CEB800E47090 /* EnglishDialogsTools */ = {
			isa = PBXNativeTarget;
			buildConfigurationList = C01FCF4A08A954540054247B /* Build configuration list for PBXNativeTarget "EnglishDialogsTools" */;
			buildPhases = (
				8D1107290486CEB800E47090 /* Resources */,
				8D11072C0486CEB800E47090 /* Sources */,
				8D11072E0486CEB800E47090 /* Frameworks */,
			);
			buildRules = (
			);
			dependencies = (
			);
			name = EnglishDialogsTools;
			productInstallPath = "$(HOME)/Applications";
			productName = EnglishDialogsTools;
			productReference = 8D1107320486CEB800E47090 /* EnglishDialogsTools.app */;
			productType = "com.apple.product-type.application";
		};
/* End PBXNativeTarget section */

/* Begin PBXProject section */
		29B97313FDCFA39411CA2CEA /* Project object */ = {
			isa = PBXProject;
			attributes = {
				LastUpgradeCheck = 0420;
			};
			buildConfigurationList = C01FCF4E08A954540054247B /* Build configuration list for PBXProject "EnglishDialogsTools" */;
			compatibilityVersion = "Xcode 3.2";
			developmentRegion = English;
			hasScannedForEncodings = 1;
			knownRegions = (
				English,
				Japanese,
				French,
				German,
			);
			mainGroup = 29B97314FDCFA39411CA2CEA /* EnglishDialogsTools */;
			projectDirPath = "";
			projectRoot = "";
			targets = (
				8D1107260486CEB800E47090 /* EnglishDialogsTools */,
			);
		};
/* End PBXProject section */

/* Begin PBXResourcesBuildPhase section */
		8D1107290486CEB800E47090 /* Resources */ = {
			isa = PBXResourcesBuildPhase;
			buildActionMask = 2147483647;
			files = (
				8D11072B0486CEB800E47090 /* InfoPlist.strings in Resources */,
				1DDD58160DA1D0A300B32029 /* MainMenu.xib in Resources */,
				C01FCF5008A954540054247D /* test.txt in Resources */,
			);
			runOnlyForDeploymentPostprocessing = 0;
		};
/* End PBXResourcesBuildPhase section */

/* Begin PBXSourcesBuildPhase section */
		8D11072C0486CEB800E47090 /* Sources */ = {
			isa = PBXSourcesBuildPhase;
			buildActionMask = 2147483647;
			files = (
				8D11072D0486CEB800E47090 /* main.m in Sources */,
				256AC3DA0F4B6AC300CF3369 /* EnglishDialogsToolsAppDelegate.m in Sources */,
				8212BF1614D1395200AA84D5 /* EnglishDialogs.xcdatamodeld in Sources */,
				8212BF2114D139A200AA84D5 /* Actor.m in Sources */,
				C01FCF5008A954540054247F /* NewDialogViewController.m in Sources */,
				8222743E14E3F71B00E0E5FA /* ColorToNumber.m in Sources */,
				820A201514EE7CA300FC5ED6 /* ActorCell.m in Sources */,
				820A201C14F2543300FC5ED6 /* ActorTableView.m in Sources */,
				820A201F14F279B900FC5ED6 /* Dialog.m in Sources */,
				8290F6AE14F502B9000B4549 /* Phrase.m in Sources */,
			);
			runOnlyForDeploymentPostprocessing = 0;
		};
/* End PBXSourcesBuildPhase section */

/* Begin PBXVariantGroup section */
		089C165CFE840E0CC02AAC07 /* InfoPlist.strings */ = {
			isa = PBXVariantGroup;
			children = (
				089C165DFE840E0CC02AAC07 /* English */,
			);
			name = InfoPlist.strings;
			sourceTree = "<group>";
		};
		1DDD58140DA1D0A300B32029 /* MainMenu.xib */ = {
			isa = PBXVariantGroup;
			children = (
				1DDD58150DA1D0A300B32029 /* English */,
			);
			name = MainMenu.xib;
			sourceTree = "<group>";
		};
/* End PBXVariantGroup section */

/* Begin XCBuildConfiguration section */
		C01FCF4B08A954540054247B /* Debug */ = {
			isa = XCBuildConfiguration;
			buildSettings = {
				ALWAYS_SEARCH_USER_PATHS = NO;
				COPY_PHASE_STRIP = NO;
				GCC_DYNAMIC_NO_PIC = NO;
				GCC_MODEL_TUNING = G5;
				GCC_OPTIMIZATION_LEVEL = 0;
				GCC_PRECOMPILE_PREFIX_HEADER = YES;
				GCC_PREFIX_HEADER = EnglishDialogsTools_Prefix.pch;
				INFOPLIST_FILE = "EnglishDialogsTools-Info.plist";
				INSTALL_PATH = "$(HOME)/Applications";
				PRODUCT_NAME = EnglishDialogsTools;
			};
			name = Debug;
		};
		C01FCF4C08A954540054247B /* Release */ = {
			isa = XCBuildConfiguration;
			buildSettings = {
				ALWAYS_SEARCH_USER_PATHS = NO;
				DEBUG_INFORMATION_FORMAT = "dwarf-with-dsym";
				GCC_MODEL_TUNING = G5;
				GCC_PRECOMPILE_PREFIX_HEADER = YES;
				GCC_PREFIX_HEADER = EnglishDialogsTools_Prefix.pch;
				INFOPLIST_FILE = "EnglishDialogsTools-Info.plist";
				INSTALL_PATH = "$(HOME)/Applications";
				PRODUCT_NAME = EnglishDialogsTools;
			};
			name = Release;
		};
		C01FCF4F08A954540054247B /* Debug */ = {
			isa = XCBuildConfiguration;
			buildSettings = {
				ARCHS = "$(ARCHS_STANDARD_32_64_BIT)";
				GCC_C_LANGUAGE_STANDARD = gnu99;
				GCC_ENABLE_OBJC_GC = required;
				GCC_OPTIMIZATION_LEVEL = 0;
				GCC_WARN_ABOUT_RETURN_TYPE = YES;
				GCC_WARN_UNUSED_VARIABLE = YES;
				MACOSX_DEPLOYMENT_TARGET = 10.6;
				ONLY_ACTIVE_ARCH = YES;
				SDKROOT = macosx;
			};
			name = Debug;
		};
		C01FCF5008A954540054247B /* Release */ = {
			isa = XCBuildConfiguration;
			buildSettings = {
				ARCHS = "$(ARCHS_STANDARD_32_64_BIT)";
				GCC_C_LANGUAGE_STANDARD = gnu99;
				GCC_WARN_ABOUT_RETURN_TYPE = YES;
				GCC_WARN_UNUSED_VARIABLE = YES;
				MACOSX_DEPLOYMENT_TARGET = 10.6;
				SDKROOT = macosx;
			};
			name = Release;
		};
/* End XCBuildConfiguration section */

/* Begin XCConfigurationList section */
		C01FCF4A08A954540054247B /* Build configuration list for PBXNativeTarget "EnglishDialogsTools" */ = {
			isa = XCConfigurationList;
			buildConfigurations = (
				C01FCF4B08A954540054247B /* Debug */,
				C01FCF4C08A954540054247B /* Release */,
			);
			defaultConfigurationIsVisible = 0;
			defaultConfigurationName = Release;
		};
		C01FCF4E08A954540054247B /* Build configuration list for PBXProject "EnglishDialogsTools" */ = {
			isa = XCConfigurationList;
			buildConfigurations = (
				C01FCF4F08A954540054247B /* Debug */,
				C01FCF5008A954540054247B /* Release */,
			);
			defaultConfigurationIsVisible = 0;
			defaultConfigurationName = Release;
		};
/* End XCConfigurationList section */

/* Begin XCVersionGroup section */
		8212BF1414D1395200AA84D5 /* EnglishDialogs.xcdatamodeld */ = {
			isa = XCVersionGroup;
			children = (
				82457AAC14F28A9F00615CFA /* EnglishDialogs 2.xcdatamodel */,
				8290F6A814F4FB49000B4549 /* EnglishDialogs 3.xcdatamodel */,
				8212BF1514D1395200AA84D5 /* EnglishDialogs.xcdatamodel */,
			);
			currentVersion = 8290F6A814F4FB49000B4549 /* EnglishDialogs 3.xcdatamodel */;
			name = EnglishDialogs.xcdatamodeld;
			path = ../EnglishDialogs/EnglishDialogs.xcdatamodeld;
			sourceTree = "<group>";
			versionGroupType = wrapper.xcdatamodel;
		};
/* End XCVersionGroup section */
	};
	rootObject = 29B97313FDCFA39411CA2CEA /* Project object */;
}
